// !$*UTF8*$!
{
	archiveVersion = 1;
	classes = {
	};
	objectVersion = 56;
	objects = {

/* Begin PBXBuildFile section */
		27153B762993916700A57E7F /* AppDelegate.swift in Sources */ = {isa = PBXBuildFile; fileRef = 27153B752993916700A57E7F /* AppDelegate.swift */; };
		27153B782993916700A57E7F /* SceneDelegate.swift in Sources */ = {isa = PBXBuildFile; fileRef = 27153B772993916700A57E7F /* SceneDelegate.swift */; };
		27153B7A2993916700A57E7F /* CharacterViewController.swift in Sources */ = {isa = PBXBuildFile; fileRef = 27153B792993916700A57E7F /* CharacterViewController.swift */; };
		27153B7D2993916700A57E7F /* Main.storyboard in Resources */ = {isa = PBXBuildFile; fileRef = 27153B7B2993916700A57E7F /* Main.storyboard */; };
		27153B802993916700A57E7F /* WebService.xcdatamodeld in Sources */ = {isa = PBXBuildFile; fileRef = 27153B7E2993916700A57E7F /* WebService.xcdatamodeld */; };
		27153B822993916700A57E7F /* Assets.xcassets in Resources */ = {isa = PBXBuildFile; fileRef = 27153B812993916700A57E7F /* Assets.xcassets */; };
		27153B852993916700A57E7F /* LaunchScreen.storyboard in Resources */ = {isa = PBXBuildFile; fileRef = 27153B832993916700A57E7F /* LaunchScreen.storyboard */; };
		27153B8E29939C3800A57E7F /* Service.swift in Sources */ = {isa = PBXBuildFile; fileRef = 27153B8D29939C3800A57E7F /* Service.swift */; };
		27153B9129939EE100A57E7F /* RequestModel.swift in Sources */ = {isa = PBXBuildFile; fileRef = 27153B9029939EE100A57E7F /* RequestModel.swift */; };
		27153B9329939F2700A57E7F /* DataModel.swift in Sources */ = {isa = PBXBuildFile; fileRef = 27153B9229939F2700A57E7F /* DataModel.swift */; };
		27153B972993A64C00A57E7F /* Endpoint.swift in Sources */ = {isa = PBXBuildFile; fileRef = 27153B962993A64C00A57E7F /* Endpoint.swift */; };
		27153B992993A6F500A57E7F /* Character.swift in Sources */ = {isa = PBXBuildFile; fileRef = 27153B982993A6F500A57E7F /* Character.swift */; };
		27153B9B2993A79F00A57E7F /* Image.swift in Sources */ = {isa = PBXBuildFile; fileRef = 27153B9A2993A79F00A57E7F /* Image.swift */; };
		27153B9D2993B43800A57E7F /* CharacterEndpoint.swift in Sources */ = {isa = PBXBuildFile; fileRef = 27153B9C2993B43800A57E7F /* CharacterEndpoint.swift */; };
		27153B9F2993D4BD00A57E7F /* ComicList.swift in Sources */ = {isa = PBXBuildFile; fileRef = 27153B9E2993D4BD00A57E7F /* ComicList.swift */; };
		27153BA12993D4F700A57E7F /* ComicSummary.swift in Sources */ = {isa = PBXBuildFile; fileRef = 27153BA02993D4F700A57E7F /* ComicSummary.swift */; };
		27153BA32993D57200A57E7F /* Events.swift in Sources */ = {isa = PBXBuildFile; fileRef = 27153BA22993D57200A57E7F /* Events.swift */; };
		27153BA52993D59C00A57E7F /* EventList.swift in Sources */ = {isa = PBXBuildFile; fileRef = 27153BA42993D59C00A57E7F /* EventList.swift */; };
		27153BA72993D5FD00A57E7F /* SeriesList.swift in Sources */ = {isa = PBXBuildFile; fileRef = 27153BA62993D5FD00A57E7F /* SeriesList.swift */; };
		27153BA92993D63F00A57E7F /* Series.swift in Sources */ = {isa = PBXBuildFile; fileRef = 27153BA82993D63F00A57E7F /* Series.swift */; };
		27153BAB2993D67D00A57E7F /* StoryList.swift in Sources */ = {isa = PBXBuildFile; fileRef = 27153BAA2993D67D00A57E7F /* StoryList.swift */; };
		27153BAD2993D6B600A57E7F /* Stories.swift in Sources */ = {isa = PBXBuildFile; fileRef = 27153BAC2993D6B600A57E7F /* Stories.swift */; };
		27153BB52996323C00A57E7F /* LoadingViewCell.swift in Sources */ = {isa = PBXBuildFile; fileRef = 27153BB32996323C00A57E7F /* LoadingViewCell.swift */; };
		27153BB62996323C00A57E7F /* LoadingViewCell.xib in Resources */ = {isa = PBXBuildFile; fileRef = 27153BB42996323C00A57E7F /* LoadingViewCell.xib */; };
		27153BBB29967C2800A57E7F /* CharacterDetailViewController.swift in Sources */ = {isa = PBXBuildFile; fileRef = 27153BB929967C2800A57E7F /* CharacterDetailViewController.swift */; };
		27153BC12996897000A57E7F /* CharacterDetailViewControllerXib.storyboard in Resources */ = {isa = PBXBuildFile; fileRef = 27153BC02996897000A57E7F /* CharacterDetailViewControllerXib.storyboard */; };
/* End PBXBuildFile section */

/* Begin PBXFileReference section */
		27153B722993916700A57E7F /* WebService.app */ = {isa = PBXFileReference; explicitFileType = wrapper.application; includeInIndex = 0; path = WebService.app; sourceTree = BUILT_PRODUCTS_DIR; };
		27153B752993916700A57E7F /* AppDelegate.swift */ = {isa = PBXFileReference; lastKnownFileType = sourcecode.swift; path = AppDelegate.swift; sourceTree = "<group>"; };
		27153B772993916700A57E7F /* SceneDelegate.swift */ = {isa = PBXFileReference; lastKnownFileType = sourcecode.swift; path = SceneDelegate.swift; sourceTree = "<group>"; };
		27153B792993916700A57E7F /* CharacterViewController.swift */ = {isa = PBXFileReference; lastKnownFileType = sourcecode.swift; path = CharacterViewController.swift; sourceTree = "<group>"; };
		27153B7C2993916700A57E7F /* Base */ = {isa = PBXFileReference; lastKnownFileType = file.storyboard; name = Base; path = Base.lproj/Main.storyboard; sourceTree = "<group>"; };
		27153B7F2993916700A57E7F /* WebService.xcdatamodel */ = {isa = PBXFileReference; lastKnownFileType = wrapper.xcdatamodel; path = WebService.xcdatamodel; sourceTree = "<group>"; };
		27153B812993916700A57E7F /* Assets.xcassets */ = {isa = PBXFileReference; lastKnownFileType = folder.assetcatalog; path = Assets.xcassets; sourceTree = "<group>"; };
		27153B842993916700A57E7F /* Base */ = {isa = PBXFileReference; lastKnownFileType = file.storyboard; name = Base; path = Base.lproj/LaunchScreen.storyboard; sourceTree = "<group>"; };
		27153B862993916700A57E7F /* Info.plist */ = {isa = PBXFileReference; lastKnownFileType = text.plist.xml; path = Info.plist; sourceTree = "<group>"; };
		27153B8D29939C3800A57E7F /* Service.swift */ = {isa = PBXFileReference; lastKnownFileType = sourcecode.swift; path = Service.swift; sourceTree = "<group>"; };
		27153B9029939EE100A57E7F /* RequestModel.swift */ = {isa = PBXFileReference; lastKnownFileType = sourcecode.swift; path = RequestModel.swift; sourceTree = "<group>"; };
		27153B9229939F2700A57E7F /* DataModel.swift */ = {isa = PBXFileReference; lastKnownFileType = sourcecode.swift; path = DataModel.swift; sourceTree = "<group>"; };
		27153B962993A64C00A57E7F /* Endpoint.swift */ = {isa = PBXFileReference; lastKnownFileType = sourcecode.swift; path = Endpoint.swift; sourceTree = "<group>"; };
		27153B982993A6F500A57E7F /* Character.swift */ = {isa = PBXFileReference; lastKnownFileType = sourcecode.swift; path = Character.swift; sourceTree = "<group>"; };
		27153B9A2993A79F00A57E7F /* Image.swift */ = {isa = PBXFileReference; lastKnownFileType = sourcecode.swift; path = Image.swift; sourceTree = "<group>"; };
		27153B9C2993B43800A57E7F /* CharacterEndpoint.swift */ = {isa = PBXFileReference; lastKnownFileType = sourcecode.swift; path = CharacterEndpoint.swift; sourceTree = "<group>"; };
		27153B9E2993D4BD00A57E7F /* ComicList.swift */ = {isa = PBXFileReference; lastKnownFileType = sourcecode.swift; path = ComicList.swift; sourceTree = "<group>"; };
		27153BA02993D4F700A57E7F /* ComicSummary.swift */ = {isa = PBXFileReference; lastKnownFileType = sourcecode.swift; path = ComicSummary.swift; sourceTree = "<group>"; };
		27153BA22993D57200A57E7F /* Events.swift */ = {isa = PBXFileReference; lastKnownFileType = sourcecode.swift; path = Events.swift; sourceTree = "<group>"; };
		27153BA42993D59C00A57E7F /* EventList.swift */ = {isa = PBXFileReference; lastKnownFileType = sourcecode.swift; path = EventList.swift; sourceTree = "<group>"; };
		27153BA62993D5FD00A57E7F /* SeriesList.swift */ = {isa = PBXFileReference; lastKnownFileType = sourcecode.swift; path = SeriesList.swift; sourceTree = "<group>"; };
		27153BA82993D63F00A57E7F /* Series.swift */ = {isa = PBXFileReference; lastKnownFileType = sourcecode.swift; path = Series.swift; sourceTree = "<group>"; };
		27153BAA2993D67D00A57E7F /* StoryList.swift */ = {isa = PBXFileReference; lastKnownFileType = sourcecode.swift; path = StoryList.swift; sourceTree = "<group>"; };
		27153BAC2993D6B600A57E7F /* Stories.swift */ = {isa = PBXFileReference; lastKnownFileType = sourcecode.swift; path = Stories.swift; sourceTree = "<group>"; };
		27153BB32996323C00A57E7F /* LoadingViewCell.swift */ = {isa = PBXFileReference; lastKnownFileType = sourcecode.swift; path = LoadingViewCell.swift; sourceTree = "<group>"; };
		27153BB42996323C00A57E7F /* LoadingViewCell.xib */ = {isa = PBXFileReference; lastKnownFileType = file.xib; path = LoadingViewCell.xib; sourceTree = "<group>"; };
		27153BB929967C2800A57E7F /* CharacterDetailViewController.swift */ = {isa = PBXFileReference; lastKnownFileType = sourcecode.swift; path = CharacterDetailViewController.swift; sourceTree = "<group>"; };
		27153BC02996897000A57E7F /* CharacterDetailViewControllerXib.storyboard */ = {isa = PBXFileReference; lastKnownFileType = file.storyboard; path = CharacterDetailViewControllerXib.storyboard; sourceTree = "<group>"; };
/* End PBXFileReference section */

/* Begin PBXFrameworksBuildPhase section */
		27153B6F2993916700A57E7F /* Frameworks */ = {
			isa = PBXFrameworksBuildPhase;
			buildActionMask = 2147483647;
			files = (
			);
			runOnlyForDeploymentPostprocessing = 0;
		};
/* End PBXFrameworksBuildPhase section */

/* Begin PBXGroup section */
		27153B692993916700A57E7F = {
			isa = PBXGroup;
			children = (
				27153B742993916700A57E7F /* WebService */,
				27153B732993916700A57E7F /* Products */,
			);
			sourceTree = "<group>";
		};
		27153B732993916700A57E7F /* Products */ = {
			isa = PBXGroup;
			children = (
				27153B722993916700A57E7F /* WebService.app */,
			);
			name = Products;
			sourceTree = "<group>";
		};
		27153B742993916700A57E7F /* WebService */ = {
			isa = PBXGroup;
			children = (
				27153BB829967C0800A57E7F /* CharacterDetail */,
				27153BB729967BE100A57E7F /* Character */,
				27153BB229962F7400A57E7F /* Animation */,
				27153B8F29939EC300A57E7F /* Models */,
				27153B8C2993980400A57E7F /* Service */,
				27153B752993916700A57E7F /* AppDelegate.swift */,
				27153B772993916700A57E7F /* SceneDelegate.swift */,
				27153B812993916700A57E7F /* Assets.xcassets */,
				27153B832993916700A57E7F /* LaunchScreen.storyboard */,
				27153B862993916700A57E7F /* Info.plist */,
				27153B7E2993916700A57E7F /* WebService.xcdatamodeld */,
			);
			path = WebService;
			sourceTree = "<group>";
		};
		27153B8C2993980400A57E7F /* Service */ = {
			isa = PBXGroup;
			children = (
				27153B8D29939C3800A57E7F /* Service.swift */,
				27153B962993A64C00A57E7F /* Endpoint.swift */,
				27153B9C2993B43800A57E7F /* CharacterEndpoint.swift */,
			);
			path = Service;
			sourceTree = "<group>";
		};
		27153B8F29939EC300A57E7F /* Models */ = {
			isa = PBXGroup;
			children = (
				27153B9029939EE100A57E7F /* RequestModel.swift */,
				27153B9229939F2700A57E7F /* DataModel.swift */,
				27153B982993A6F500A57E7F /* Character.swift */,
				27153B9A2993A79F00A57E7F /* Image.swift */,
				27153B9E2993D4BD00A57E7F /* ComicList.swift */,
				27153BA02993D4F700A57E7F /* ComicSummary.swift */,
				27153BA22993D57200A57E7F /* Events.swift */,
				27153BA42993D59C00A57E7F /* EventList.swift */,
				27153BA62993D5FD00A57E7F /* SeriesList.swift */,
				27153BA82993D63F00A57E7F /* Series.swift */,
				27153BAA2993D67D00A57E7F /* StoryList.swift */,
				27153BAC2993D6B600A57E7F /* Stories.swift */,
			);
			path = Models;
			sourceTree = "<group>";
		};
		27153BB229962F7400A57E7F /* Animation */ = {
			isa = PBXGroup;
			children = (
				27153BB32996323C00A57E7F /* LoadingViewCell.swift */,
				27153BB42996323C00A57E7F /* LoadingViewCell.xib */,
			);
			path = Animation;
			sourceTree = "<group>";
		};
		27153BB729967BE100A57E7F /* Character */ = {
			isa = PBXGroup;
			children = (
				27153B792993916700A57E7F /* CharacterViewController.swift */,
				27153B7B2993916700A57E7F /* Main.storyboard */,
			);
			path = Character;
			sourceTree = "<group>";
		};
		27153BB829967C0800A57E7F /* CharacterDetail */ = {
			isa = PBXGroup;
			children = (
				27153BB929967C2800A57E7F /* CharacterDetailViewController.swift */,
				27153BC02996897000A57E7F /* CharacterDetailViewControllerXib.storyboard */,
			);
			path = CharacterDetail;
			sourceTree = "<group>";
		};
/* End PBXGroup section */

/* Begin PBXNativeTarget section */
		27153B712993916700A57E7F /* WebService */ = {
			isa = PBXNativeTarget;
			buildConfigurationList = 27153B892993916700A57E7F /* Build configuration list for PBXNativeTarget "WebService" */;
			buildPhases = (
				27153B6E2993916700A57E7F /* Sources */,
				27153B6F2993916700A57E7F /* Frameworks */,
				27153B702993916700A57E7F /* Resources */,
			);
			buildRules = (
			);
			dependencies = (
			);
			name = WebService;
			productName = WebService;
			productReference = 27153B722993916700A57E7F /* WebService.app */;
			productType = "com.apple.product-type.application";
		};
/* End PBXNativeTarget section */

/* Begin PBXProject section */
		27153B6A2993916700A57E7F /* Project object */ = {
			isa = PBXProject;
			attributes = {
				BuildIndependentTargetsInParallel = 1;
				LastSwiftUpdateCheck = 1420;
				LastUpgradeCheck = 1420;
				TargetAttributes = {
					27153B712993916700A57E7F = {
						CreatedOnToolsVersion = 14.2;
					};
				};
			};
			buildConfigurationList = 27153B6D2993916700A57E7F /* Build configuration list for PBXProject "WebService" */;
			compatibilityVersion = "Xcode 14.0";
			developmentRegion = en;
			hasScannedForEncodings = 0;
			knownRegions = (
				en,
				Base,
			);
			mainGroup = 27153B692993916700A57E7F;
			productRefGroup = 27153B732993916700A57E7F /* Products */;
			projectDirPath = "";
			projectRoot = "";
			targets = (
				27153B712993916700A57E7F /* WebService */,
			);
		};
/* End PBXProject section */

/* Begin PBXResourcesBuildPhase section */
		27153B702993916700A57E7F /* Resources */ = {
			isa = PBXResourcesBuildPhase;
			buildActionMask = 2147483647;
			files = (
				27153B852993916700A57E7F /* LaunchScreen.storyboard in Resources */,
				27153BB62996323C00A57E7F /* LoadingViewCell.xib in Resources */,
				27153B822993916700A57E7F /* Assets.xcassets in Resources */,
				27153B7D2993916700A57E7F /* Main.storyboard in Resources */,
				27153BC12996897000A57E7F /* CharacterDetailViewControllerXib.storyboard in Resources */,
			);
			runOnlyForDeploymentPostprocessing = 0;
		};
/* End PBXResourcesBuildPhase section */

/* Begin PBXSourcesBuildPhase section */
		27153B6E2993916700A57E7F /* Sources */ = {
			isa = PBXSourcesBuildPhase;
			buildActionMask = 2147483647;
			files = (
				27153BA12993D4F700A57E7F /* ComicSummary.swift in Sources */,
				27153B9329939F2700A57E7F /* DataModel.swift in Sources */,
				27153BA72993D5FD00A57E7F /* SeriesList.swift in Sources */,
				27153BAB2993D67D00A57E7F /* StoryList.swift in Sources */,
				27153B9F2993D4BD00A57E7F /* ComicList.swift in Sources */,
				27153BAD2993D6B600A57E7F /* Stories.swift in Sources */,
				27153BA52993D59C00A57E7F /* EventList.swift in Sources */,
				27153B972993A64C00A57E7F /* Endpoint.swift in Sources */,
				27153BA32993D57200A57E7F /* Events.swift in Sources */,
				27153B7A2993916700A57E7F /* CharacterViewController.swift in Sources */,
				27153B762993916700A57E7F /* AppDelegate.swift in Sources */,
				27153B8E29939C3800A57E7F /* Service.swift in Sources */,
				27153B802993916700A57E7F /* WebService.xcdatamodeld in Sources */,
				27153BA92993D63F00A57E7F /* Series.swift in Sources */,
				27153B782993916700A57E7F /* SceneDelegate.swift in Sources */,
				27153B992993A6F500A57E7F /* Character.swift in Sources */,
				27153B9B2993A79F00A57E7F /* Image.swift in Sources */,
				27153BB52996323C00A57E7F /* LoadingViewCell.swift in Sources */,
				27153BBB29967C2800A57E7F /* CharacterDetailViewController.swift in Sources */,
				27153B9D2993B43800A57E7F /* CharacterEndpoint.swift in Sources */,
				27153B9129939EE100A57E7F /* RequestModel.swift in Sources */,
			);
			runOnlyForDeploymentPostprocessing = 0;
		};
/* End PBXSourcesBuildPhase section */

/* Begin PBXVariantGroup section */
		27153B7B2993916700A57E7F /* Main.storyboard */ = {
			isa = PBXVariantGroup;
			children = (
				27153B7C2993916700A57E7F /* Base */,
			);
			name = Main.storyboard;
			sourceTree = "<group>";
		};
		27153B832993916700A57E7F /* LaunchScreen.storyboard */ = {
			isa = PBXVariantGroup;
			children = (
				27153B842993916700A57E7F /* Base */,
			);
			name = LaunchScreen.storyboard;
			sourceTree = "<group>";
		};
/* End PBXVariantGroup section */

/* Begin XCBuildConfiguration section */
		27153B872993916700A57E7F /* Debug */ = {
			isa = XCBuildConfiguration;
			buildSettings = {
				ALWAYS_SEARCH_USER_PATHS = NO;
				CLANG_ANALYZER_NONNULL = YES;
				CLANG_ANALYZER_NUMBER_OBJECT_CONVERSION = YES_AGGRESSIVE;
				CLANG_CXX_LANGUAGE_STANDARD = "gnu++20";
				CLANG_ENABLE_MODULES = YES;
				CLANG_ENABLE_OBJC_ARC = YES;
				CLANG_ENABLE_OBJC_WEAK = YES;
				CLANG_WARN_BLOCK_CAPTURE_AUTORELEASING = YES;
				CLANG_WARN_BOOL_CONVERSION = YES;
				CLANG_WARN_COMMA = YES;
				CLANG_WARN_CONSTANT_CONVERSION = YES;
				CLANG_WARN_DEPRECATED_OBJC_IMPLEMENTATIONS = YES;
				CLANG_WARN_DIRECT_OBJC_ISA_USAGE = YES_ERROR;
				CLANG_WARN_DOCUMENTATION_COMMENTS = YES;
				CLANG_WARN_EMPTY_BODY = YES;
				CLANG_WARN_ENUM_CONVERSION = YES;
				CLANG_WARN_INFINITE_RECURSION = YES;
				CLANG_WARN_INT_CONVERSION = YES;
				CLANG_WARN_NON_LITERAL_NULL_CONVERSION = YES;
				CLANG_WARN_OBJC_IMPLICIT_RETAIN_SELF = YES;
				CLANG_WARN_OBJC_LITERAL_CONVERSION = YES;
				CLANG_WARN_OBJC_ROOT_CLASS = YES_ERROR;
				CLANG_WARN_QUOTED_INCLUDE_IN_FRAMEWORK_HEADER = YES;
				CLANG_WARN_RANGE_LOOP_ANALYSIS = YES;
				CLANG_WARN_STRICT_PROTOTYPES = YES;
				CLANG_WARN_SUSPICIOUS_MOVE = YES;
				CLANG_WARN_UNGUARDED_AVAILABILITY = YES_AGGRESSIVE;
				CLANG_WARN_UNREACHABLE_CODE = YES;
				CLANG_WARN__DUPLICATE_METHOD_MATCH = YES;
				COPY_PHASE_STRIP = NO;
				DEBUG_INFORMATION_FORMAT = dwarf;
				ENABLE_STRICT_OBJC_MSGSEND = YES;
				ENABLE_TESTABILITY = YES;
				GCC_C_LANGUAGE_STANDARD = gnu11;
				GCC_DYNAMIC_NO_PIC = NO;
				GCC_NO_COMMON_BLOCKS = YES;
				GCC_OPTIMIZATION_LEVEL = 0;
				GCC_PREPROCESSOR_DEFINITIONS = (
					"DEBUG=1",
					"$(inherited)",
				);
				GCC_WARN_64_TO_32_BIT_CONVERSION = YES;
				GCC_WARN_ABOUT_RETURN_TYPE = YES_ERROR;
				GCC_WARN_UNDECLARED_SELECTOR = YES;
				GCC_WARN_UNINITIALIZED_AUTOS = YES_AGGRESSIVE;
				GCC_WARN_UNUSED_FUNCTION = YES;
				GCC_WARN_UNUSED_VARIABLE = YES;
				IPHONEOS_DEPLOYMENT_TARGET = 16.2;
				MTL_ENABLE_DEBUG_INFO = INCLUDE_SOURCE;
				MTL_FAST_MATH = YES;
				ONLY_ACTIVE_ARCH = YES;
				SDKROOT = iphoneos;
				SWIFT_ACTIVE_COMPILATION_CONDITIONS = DEBUG;
				SWIFT_OPTIMIZATION_LEVEL = "-Onone";
			};
			name = Debug;
		};
		27153B882993916700A57E7F /* Release */ = {
			isa = XCBuildConfiguration;
			buildSettings = {
				ALWAYS_SEARCH_USER_PATHS = NO;
				CLANG_ANALYZER_NONNULL = YES;
				CLANG_ANALYZER_NUMBER_OBJECT_CONVERSION = YES_AGGRESSIVE;
				CLANG_CXX_LANGUAGE_STANDARD = "gnu++20";
				CLANG_ENABLE_MODULES = YES;
				CLANG_ENABLE_OBJC_ARC = YES;
				CLANG_ENABLE_OBJC_WEAK = YES;
				CLANG_WARN_BLOCK_CAPTURE_AUTORELEASING = YES;
				CLANG_WARN_BOOL_CONVERSION = YES;
				CLANG_WARN_COMMA = YES;
				CLANG_WARN_CONSTANT_CONVERSION = YES;
				CLANG_WARN_DEPRECATED_OBJC_IMPLEMENTATIONS = YES;
				CLANG_WARN_DIRECT_OBJC_ISA_USAGE = YES_ERROR;
				CLANG_WARN_DOCUMENTATION_COMMENTS = YES;
				CLANG_WARN_EMPTY_BODY = YES;
				CLANG_WARN_ENUM_CONVERSION = YES;
				CLANG_WARN_INFINITE_RECURSION = YES;
				CLANG_WARN_INT_CONVERSION = YES;
				CLANG_WARN_NON_LITERAL_NULL_CONVERSION = YES;
				CLANG_WARN_OBJC_IMPLICIT_RETAIN_SELF = YES;
				CLANG_WARN_OBJC_LITERAL_CONVERSION = YES;
				CLANG_WARN_OBJC_ROOT_CLASS = YES_ERROR;
				CLANG_WARN_QUOTED_INCLUDE_IN_FRAMEWORK_HEADER = YES;
				CLANG_WARN_RANGE_LOOP_ANALYSIS = YES;
				CLANG_WARN_STRICT_PROTOTYPES = YES;
				CLANG_WARN_SUSPICIOUS_MOVE = YES;
				CLANG_WARN_UNGUARDED_AVAILABILITY = YES_AGGRESSIVE;
				CLANG_WARN_UNREACHABLE_CODE = YES;
				CLANG_WARN__DUPLICATE_METHOD_MATCH = YES;
				COPY_PHASE_STRIP = NO;
				DEBUG_INFORMATION_FORMAT = "dwarf-with-dsym";
				ENABLE_NS_ASSERTIONS = NO;
				ENABLE_STRICT_OBJC_MSGSEND = YES;
				GCC_C_LANGUAGE_STANDARD = gnu11;
				GCC_NO_COMMON_BLOCKS = YES;
				GCC_WARN_64_TO_32_BIT_CONVERSION = YES;
				GCC_WARN_ABOUT_RETURN_TYPE = YES_ERROR;
				GCC_WARN_UNDECLARED_SELECTOR = YES;
				GCC_WARN_UNINITIALIZED_AUTOS = YES_AGGRESSIVE;
				GCC_WARN_UNUSED_FUNCTION = YES;
				GCC_WARN_UNUSED_VARIABLE = YES;
				IPHONEOS_DEPLOYMENT_TARGET = 16.2;
				MTL_ENABLE_DEBUG_INFO = NO;
				MTL_FAST_MATH = YES;
				SDKROOT = iphoneos;
				SWIFT_COMPILATION_MODE = wholemodule;
				SWIFT_OPTIMIZATION_LEVEL = "-O";
				VALIDATE_PRODUCT = YES;
			};
			name = Release;
		};
		27153B8A2993916700A57E7F /* Debug */ = {
			isa = XCBuildConfiguration;
			buildSettings = {
				ASSETCATALOG_COMPILER_APPICON_NAME = AppIcon;
				ASSETCATALOG_COMPILER_GLOBAL_ACCENT_COLOR_NAME = AccentColor;
				CODE_SIGN_STYLE = Automatic;
				CURRENT_PROJECT_VERSION = 1;
				DEVELOPMENT_TEAM = VS6N5DBC8A;
				GENERATE_INFOPLIST_FILE = YES;
				INFOPLIST_FILE = WebService/Info.plist;
				INFOPLIST_KEY_UIApplicationSupportsIndirectInputEvents = YES;
				INFOPLIST_KEY_UILaunchStoryboardName = LaunchScreen;
				INFOPLIST_KEY_UIMainStoryboardFile = Main;
				INFOPLIST_KEY_UISupportedInterfaceOrientations_iPad = "UIInterfaceOrientationPortrait UIInterfaceOrientationPortraitUpsideDown UIInterfaceOrientationLandscapeLeft UIInterfaceOrientationLandscapeRight";
				INFOPLIST_KEY_UISupportedInterfaceOrientations_iPhone = "UIInterfaceOrientationPortrait UIInterfaceOrientationLandscapeLeft UIInterfaceOrientationLandscapeRight";
				LD_RUNPATH_SEARCH_PATHS = (
					"$(inherited)",
					"@executable_path/Frameworks",
				);
				MARKETING_VERSION = 1.0;
				PRODUCT_BUNDLE_IDENTIFIER = com.kaangokcek.WebService;
				PRODUCT_NAME = "$(TARGET_NAME)";
				SWIFT_EMIT_LOC_STRINGS = YES;
				SWIFT_VERSION = 5.0;
				TARGETED_DEVICE_FAMILY = "1,2";
			};
			name = Debug;
		};
		27153B8B2993916700A57E7F /* Release */ = {
			isa = XCBuildConfiguration;
			buildSettings = {
				ASSETCATALOG_COMPILER_APPICON_NAME = AppIcon;
				ASSETCATALOG_COMPILER_GLOBAL_ACCENT_COLOR_NAME = AccentColor;
				CODE_SIGN_STYLE = Automatic;
				CURRENT_PROJECT_VERSION = 1;
				DEVELOPMENT_TEAM = VS6N5DBC8A;
				GENERATE_INFOPLIST_FILE = YES;
				INFOPLIST_FILE = WebService/Info.plist;
				INFOPLIST_KEY_UIApplicationSupportsIndirectInputEvents = YES;
				INFOPLIST_KEY_UILaunchStoryboardName = LaunchScreen;
				INFOPLIST_KEY_UIMainStoryboardFile = Main;
				INFOPLIST_KEY_UISupportedInterfaceOrientations_iPad = "UIInterfaceOrientationPortrait UIInterfaceOrientationPortraitUpsideDown UIInterfaceOrientationLandscapeLeft UIInterfaceOrientationLandscapeRight";
				INFOPLIST_KEY_UISupportedInterfaceOrientations_iPhone = "UIInterfaceOrientationPortrait UIInterfaceOrientationLandscapeLeft UIInterfaceOrientationLandscapeRight";
				LD_RUNPATH_SEARCH_PATHS = (
					"$(inherited)",
					"@executable_path/Frameworks",
				);
				MARKETING_VERSION = 1.0;
				PRODUCT_BUNDLE_IDENTIFIER = com.kaangokcek.WebService;
				PRODUCT_NAME = "$(TARGET_NAME)";
				SWIFT_EMIT_LOC_STRINGS = YES;
				SWIFT_VERSION = 5.0;
				TARGETED_DEVICE_FAMILY = "1,2";
			};
			name = Release;
		};
/* End XCBuildConfiguration section */

/* Begin XCConfigurationList section */
		27153B6D2993916700A57E7F /* Build configuration list for PBXProject "WebService" */ = {
			isa = XCConfigurationList;
			buildConfigurations = (
				27153B872993916700A57E7F /* Debug */,
				27153B882993916700A57E7F /* Release */,
			);
			defaultConfigurationIsVisible = 0;
			defaultConfigurationName = Release;
		};
		27153B892993916700A57E7F /* Build configuration list for PBXNativeTarget "WebService" */ = {
			isa = XCConfigurationList;
			buildConfigurations = (
				27153B8A2993916700A57E7F /* Debug */,
				27153B8B2993916700A57E7F /* Release */,
			);
			defaultConfigurationIsVisible = 0;
			defaultConfigurationName = Release;
		};
/* End XCConfigurationList section */

/* Begin XCVersionGroup section */
		27153B7E2993916700A57E7F /* WebService.xcdatamodeld */ = {
			isa = XCVersionGroup;
			children = (
				27153B7F2993916700A57E7F /* WebService.xcdatamodel */,
			);
			currentVersion = 27153B7F2993916700A57E7F /* WebService.xcdatamodel */;
			path = WebService.xcdatamodeld;
			sourceTree = "<group>";
			versionGroupType = wrapper.xcdatamodel;
		};
/* End XCVersionGroup section */
	};
	rootObject = 27153B6A2993916700A57E7F /* Project object */;
}
